
Microsoft Visual Studio Solution File, Format Version 12.00
# Visual Studio 15
VisualStudioVersion = 15.0.27428.2037
MinimumVisualStudioVersion = 10.0.40219.1
Project("{FAE04EC0-301F-11D3-BF4B-00C04F79EFBC}") = "Project", "Project\Project.csproj", "{179AFF74-249D-42B4-85B0-10AF2694CB80}"
EndProject
Project("{FAE04EC0-301F-11D3-BF4B-00C04F79EFBC}") = "Services", "Services\Services.csproj", "{921536D6-2566-408B-8A71-A73DEE26AA14}"
EndProject
Global
	GlobalSection(SolutionConfigurationPlatforms) = preSolution
		Debug|Any CPU = Debug|Any CPU
		Release|Any CPU = Release|Any CPU
	EndGlobalSection
	GlobalSection(ProjectConfigurationPlatforms) = postSolution
		{179AFF74-249D-42B4-85B0-10AF2694CB80}.Debug|Any CPU.ActiveCfg = Debug|Any CPU
		{179AFF74-249D-42B4-85B0-10AF2694CB80}.Debug|Any CPU.Build.0 = Debug|Any CPU
		{179AFF74-249D-42B4-85B0-10AF2694CB80}.Release|Any CPU.ActiveCfg = Release|Any CPU
		{179AFF74-249D-42B4-85B0-10AF2694CB80}.Release|Any CPU.Build.0 = Release|Any CPU
		{921536D6-2566-408B-8A71-A73DEE26AA14}.Debug|Any CPU.ActiveCfg = Debug|Any CPU
		{921536D6-2566-408B-8A71-A73DEE26AA14}.Debug|Any CPU.Build.0 = Debug|Any CPU
		{921536D6-2566-408B-8A71-A73DEE26AA14}.Release|Any CPU.ActiveCfg = Release|Any CPU
		{921536D6-2566-408B-8A71-A73DEE26AA14}.Release|Any CPU.Build.0 = Release|Any CPU
	EndGlobalSection
	GlobalSection(SolutionProperties) = preSolution
		HideSolutionNode = FALSE
	EndGlobalSection
	GlobalSection(ExtensibilityGlobals) = postSolution
		SolutionGuid = {ADC86E51-093B-4D83-81AE-C236F03F1E0B}
	EndGlobalSection
EndGlobal
